
Microsoft Visual Studio Solution File, Format Version 12.00
# Visual Studio Version 17
VisualStudioVersion = 17.8.34316.72
MinimumVisualStudioVersion = 10.0.40219.1
Project("{9A19103F-16F7-4668-BE54-9A1E7A4F7556}") = "WordsHandler", "WordsHandler\WordsHandler.csproj", "{EB38D2F3-C4D4-4928-90F7-E81EF6EEE508}"
EndProject
Project("{9A19103F-16F7-4668-BE54-9A1E7A4F7556}") = "vlastroG.WPF", "vlastroG.WPF\vlastroG.WPF.csproj", "{5F13EAFA-7F4B-4658-87D4-2AE48ACC7C3C}"
EndProject
Project("{FAE04EC0-301F-11D3-BF4B-00C04F79EFBC}") = "BankSystem", "BankSystem\BankSystem.csproj", "{FA6AAD9F-0230-4BBD-AA9F-5C19126AD660}"
EndProject
Global
	GlobalSection(SolutionConfigurationPlatforms) = preSolution
		Debug|Any CPU = Debug|Any CPU
		Release|Any CPU = Release|Any CPU
	EndGlobalSection
	GlobalSection(ProjectConfigurationPlatforms) = postSolution
		{EB38D2F3-C4D4-4928-90F7-E81EF6EEE508}.Debug|Any CPU.ActiveCfg = Debug|Any CPU
		{EB38D2F3-C4D4-4928-90F7-E81EF6EEE508}.Debug|Any CPU.Build.0 = Debug|Any CPU
		{EB38D2F3-C4D4-4928-90F7-E81EF6EEE508}.Release|Any CPU.ActiveCfg = Release|Any CPU
		{EB38D2F3-C4D4-4928-90F7-E81EF6EEE508}.Release|Any CPU.Build.0 = Release|Any CPU
		{5F13EAFA-7F4B-4658-87D4-2AE48ACC7C3C}.Debug|Any CPU.ActiveCfg = Debug|Any CPU
		{5F13EAFA-7F4B-4658-87D4-2AE48ACC7C3C}.Debug|Any CPU.Build.0 = Debug|Any CPU
		{5F13EAFA-7F4B-4658-87D4-2AE48ACC7C3C}.Release|Any CPU.ActiveCfg = Release|Any CPU
		{5F13EAFA-7F4B-4658-87D4-2AE48ACC7C3C}.Release|Any CPU.Build.0 = Release|Any CPU
		{FA6AAD9F-0230-4BBD-AA9F-5C19126AD660}.Debug|Any CPU.ActiveCfg = Debug|Any CPU
		{FA6AAD9F-0230-4BBD-AA9F-5C19126AD660}.Debug|Any CPU.Build.0 = Debug|Any CPU
		{FA6AAD9F-0230-4BBD-AA9F-5C19126AD660}.Release|Any CPU.ActiveCfg = Release|Any CPU
		{FA6AAD9F-0230-4BBD-AA9F-5C19126AD660}.Release|Any CPU.Build.0 = Release|Any CPU
	EndGlobalSection
	GlobalSection(SolutionProperties) = preSolution
		HideSolutionNode = FALSE
	EndGlobalSection
	GlobalSection(ExtensibilityGlobals) = postSolution
		SolutionGuid = {A2AB4F12-1E3B-4D3F-B508-AD7A581DCC13}
	EndGlobalSection
EndGlobal
