
Microsoft Visual Studio Solution File, Format Version 12.00
# Visual Studio Version 17
VisualStudioVersion = 17.8.34525.116
MinimumVisualStudioVersion = 10.0.40219.1
Project("{9A19103F-16F7-4668-BE54-9A1E7A4F7556}") = "AnimalsCatalog", "AnimalsCatalog\AnimalsCatalog.csproj", "{EECD6611-531F-450A-92C7-34A0D7A7CC51}"
EndProject
Project("{9A19103F-16F7-4668-BE54-9A1E7A4F7556}") = "vlastroG.WPF", "..\..\WpfApps\Practice\vlastroG.WPF\vlastroG.WPF.csproj", "{F76BE5FD-3D55-4228-BC4F-9E5A006AC091}"
EndProject
Project("{FAE04EC0-301F-11D3-BF4B-00C04F79EFBC}") = "AnimalsCatalog.Models", "AnimalsCatalog.Models\AnimalsCatalog.Models.csproj", "{33FDB945-8FA6-4D2D-9F5F-E9742A23AA5C}"
EndProject
Global
	GlobalSection(SolutionConfigurationPlatforms) = preSolution
		Debug|Any CPU = Debug|Any CPU
		Release|Any CPU = Release|Any CPU
	EndGlobalSection
	GlobalSection(ProjectConfigurationPlatforms) = postSolution
		{EECD6611-531F-450A-92C7-34A0D7A7CC51}.Debug|Any CPU.ActiveCfg = Debug|Any CPU
		{EECD6611-531F-450A-92C7-34A0D7A7CC51}.Debug|Any CPU.Build.0 = Debug|Any CPU
		{EECD6611-531F-450A-92C7-34A0D7A7CC51}.Release|Any CPU.ActiveCfg = Release|Any CPU
		{EECD6611-531F-450A-92C7-34A0D7A7CC51}.Release|Any CPU.Build.0 = Release|Any CPU
		{F76BE5FD-3D55-4228-BC4F-9E5A006AC091}.Debug|Any CPU.ActiveCfg = Debug|Any CPU
		{F76BE5FD-3D55-4228-BC4F-9E5A006AC091}.Debug|Any CPU.Build.0 = Debug|Any CPU
		{F76BE5FD-3D55-4228-BC4F-9E5A006AC091}.Release|Any CPU.ActiveCfg = Release|Any CPU
		{F76BE5FD-3D55-4228-BC4F-9E5A006AC091}.Release|Any CPU.Build.0 = Release|Any CPU
		{33FDB945-8FA6-4D2D-9F5F-E9742A23AA5C}.Debug|Any CPU.ActiveCfg = Debug|Any CPU
		{33FDB945-8FA6-4D2D-9F5F-E9742A23AA5C}.Debug|Any CPU.Build.0 = Debug|Any CPU
		{33FDB945-8FA6-4D2D-9F5F-E9742A23AA5C}.Release|Any CPU.ActiveCfg = Release|Any CPU
		{33FDB945-8FA6-4D2D-9F5F-E9742A23AA5C}.Release|Any CPU.Build.0 = Release|Any CPU
	EndGlobalSection
	GlobalSection(SolutionProperties) = preSolution
		HideSolutionNode = FALSE
	EndGlobalSection
	GlobalSection(ExtensibilityGlobals) = postSolution
		SolutionGuid = {27BEA8F0-DBD9-42D5-8A5E-CA1213AF92FC}
	EndGlobalSection
EndGlobal
