
Microsoft Visual Studio Solution File, Format Version 12.00
# Visual Studio Version 17
VisualStudioVersion = 17.8.34316.72
MinimumVisualStudioVersion = 10.0.40219.1
Project("{FAE04EC0-301F-11D3-BF4B-00C04F79EFBC}") = "HelloWorld", "HelloWorld\HelloWorld.csproj", "{FFB9D8EB-C114-47B6-AF13-4E04C92644DA}"
EndProject
Global
	GlobalSection(SolutionConfigurationPlatforms) = preSolution
		Debug|Any CPU = Debug|Any CPU
		Release|Any CPU = Release|Any CPU
	EndGlobalSection
	GlobalSection(ProjectConfigurationPlatforms) = postSolution
		{FFB9D8EB-C114-47B6-AF13-4E04C92644DA}.Debug|Any CPU.ActiveCfg = Debug|Any CPU
		{FFB9D8EB-C114-47B6-AF13-4E04C92644DA}.Debug|Any CPU.Build.0 = Debug|Any CPU
		{FFB9D8EB-C114-47B6-AF13-4E04C92644DA}.Release|Any CPU.ActiveCfg = Release|Any CPU
		{FFB9D8EB-C114-47B6-AF13-4E04C92644DA}.Release|Any CPU.Build.0 = Release|Any CPU
	EndGlobalSection
	GlobalSection(SolutionProperties) = preSolution
		HideSolutionNode = FALSE
	EndGlobalSection
	GlobalSection(ExtensibilityGlobals) = postSolution
		SolutionGuid = {0C76880B-993B-42A3-A8AA-264D5A9A8629}
	EndGlobalSection
EndGlobal
