
Microsoft Visual Studio Solution File, Format Version 12.00
# Visual Studio Version 17
VisualStudioVersion = 17.8.34316.72
MinimumVisualStudioVersion = 10.0.40219.1
Project("{9A19103F-16F7-4668-BE54-9A1E7A4F7556}") = "HelloWorld", "HelloWorld\HelloWorld.csproj", "{FFB9D8EB-C114-47B6-AF13-4E04C92644DA}"
EndProject
Project("{9A19103F-16F7-4668-BE54-9A1E7A4F7556}") = "InputOutput", "InputOutput\InputOutput.csproj", "{0776377E-7932-4DA8-8B5D-36907A94BDD0}"
EndProject
Project("{9A19103F-16F7-4668-BE54-9A1E7A4F7556}") = "Loops", "Loops\Loops.csproj", "{D6FEBDAD-E176-4950-ABE8-67BE2502BE6C}"
EndProject
Project("{9A19103F-16F7-4668-BE54-9A1E7A4F7556}") = "SimpleArrays", "SimpleArrays\SimpleArrays.csproj", "{D17B73A9-95F9-45CF-9C3E-B2DF2051A026}"
EndProject
Project("{9A19103F-16F7-4668-BE54-9A1E7A4F7556}") = "SimpleMethods", "SimpleMethods\SimpleMethods.csproj", "{BBBB61DF-6D02-437E-A791-3ECB1AAB6AC7}"
EndProject
Project("{9A19103F-16F7-4668-BE54-9A1E7A4F7556}") = "Employees", "Employees\Employees.csproj", "{F96370C2-4A3C-448F-9AD5-727B362FFD77}"
EndProject
Project("{FAE04EC0-301F-11D3-BF4B-00C04F79EFBC}") = "Workers", "Workers\Workers.csproj", "{11BA7197-249F-42A6-BB54-9B796996AADB}"
EndProject
Global
	GlobalSection(SolutionConfigurationPlatforms) = preSolution
		Debug|Any CPU = Debug|Any CPU
		Release|Any CPU = Release|Any CPU
	EndGlobalSection
	GlobalSection(ProjectConfigurationPlatforms) = postSolution
		{FFB9D8EB-C114-47B6-AF13-4E04C92644DA}.Debug|Any CPU.ActiveCfg = Debug|Any CPU
		{FFB9D8EB-C114-47B6-AF13-4E04C92644DA}.Debug|Any CPU.Build.0 = Debug|Any CPU
		{FFB9D8EB-C114-47B6-AF13-4E04C92644DA}.Release|Any CPU.ActiveCfg = Release|Any CPU
		{FFB9D8EB-C114-47B6-AF13-4E04C92644DA}.Release|Any CPU.Build.0 = Release|Any CPU
		{0776377E-7932-4DA8-8B5D-36907A94BDD0}.Debug|Any CPU.ActiveCfg = Debug|Any CPU
		{0776377E-7932-4DA8-8B5D-36907A94BDD0}.Debug|Any CPU.Build.0 = Debug|Any CPU
		{0776377E-7932-4DA8-8B5D-36907A94BDD0}.Release|Any CPU.ActiveCfg = Release|Any CPU
		{0776377E-7932-4DA8-8B5D-36907A94BDD0}.Release|Any CPU.Build.0 = Release|Any CPU
		{D6FEBDAD-E176-4950-ABE8-67BE2502BE6C}.Debug|Any CPU.ActiveCfg = Debug|Any CPU
		{D6FEBDAD-E176-4950-ABE8-67BE2502BE6C}.Debug|Any CPU.Build.0 = Debug|Any CPU
		{D6FEBDAD-E176-4950-ABE8-67BE2502BE6C}.Release|Any CPU.ActiveCfg = Release|Any CPU
		{D6FEBDAD-E176-4950-ABE8-67BE2502BE6C}.Release|Any CPU.Build.0 = Release|Any CPU
		{D17B73A9-95F9-45CF-9C3E-B2DF2051A026}.Debug|Any CPU.ActiveCfg = Debug|Any CPU
		{D17B73A9-95F9-45CF-9C3E-B2DF2051A026}.Debug|Any CPU.Build.0 = Debug|Any CPU
		{D17B73A9-95F9-45CF-9C3E-B2DF2051A026}.Release|Any CPU.ActiveCfg = Release|Any CPU
		{D17B73A9-95F9-45CF-9C3E-B2DF2051A026}.Release|Any CPU.Build.0 = Release|Any CPU
		{BBBB61DF-6D02-437E-A791-3ECB1AAB6AC7}.Debug|Any CPU.ActiveCfg = Debug|Any CPU
		{BBBB61DF-6D02-437E-A791-3ECB1AAB6AC7}.Debug|Any CPU.Build.0 = Debug|Any CPU
		{BBBB61DF-6D02-437E-A791-3ECB1AAB6AC7}.Release|Any CPU.ActiveCfg = Release|Any CPU
		{BBBB61DF-6D02-437E-A791-3ECB1AAB6AC7}.Release|Any CPU.Build.0 = Release|Any CPU
		{F96370C2-4A3C-448F-9AD5-727B362FFD77}.Debug|Any CPU.ActiveCfg = Debug|Any CPU
		{F96370C2-4A3C-448F-9AD5-727B362FFD77}.Debug|Any CPU.Build.0 = Debug|Any CPU
		{F96370C2-4A3C-448F-9AD5-727B362FFD77}.Release|Any CPU.ActiveCfg = Release|Any CPU
		{F96370C2-4A3C-448F-9AD5-727B362FFD77}.Release|Any CPU.Build.0 = Release|Any CPU
		{11BA7197-249F-42A6-BB54-9B796996AADB}.Debug|Any CPU.ActiveCfg = Debug|Any CPU
		{11BA7197-249F-42A6-BB54-9B796996AADB}.Debug|Any CPU.Build.0 = Debug|Any CPU
		{11BA7197-249F-42A6-BB54-9B796996AADB}.Release|Any CPU.ActiveCfg = Release|Any CPU
		{11BA7197-249F-42A6-BB54-9B796996AADB}.Release|Any CPU.Build.0 = Release|Any CPU
	EndGlobalSection
	GlobalSection(SolutionProperties) = preSolution
		HideSolutionNode = FALSE
	EndGlobalSection
	GlobalSection(ExtensibilityGlobals) = postSolution
		SolutionGuid = {0C76880B-993B-42A3-A8AA-264D5A9A8629}
	EndGlobalSection
EndGlobal
