
Microsoft Visual Studio Solution File, Format Version 12.00
# Visual Studio Version 17
VisualStudioVersion = 17.9.34622.214
MinimumVisualStudioVersion = 10.0.40219.1
Project("{9A19103F-16F7-4668-BE54-9A1E7A4F7556}") = "PhoneBook", "PhoneBook\PhoneBook.csproj", "{FBF3BD0E-A3BE-44B3-AA7E-66D60DDA5555}"
EndProject
Project("{9A19103F-16F7-4668-BE54-9A1E7A4F7556}") = "PhoneBook.API", "PhoneBook.API\PhoneBook.API.csproj", "{8BD4A842-D2EF-499B-956F-F454FCB962EC}"
EndProject
Project("{9A19103F-16F7-4668-BE54-9A1E7A4F7556}") = "PhoneBook.Models", "PhoneBook.Models\PhoneBook.Models.csproj", "{DC2BEE45-9FCD-4083-9649-ECB8B43EA7F0}"
EndProject
Project("{9A19103F-16F7-4668-BE54-9A1E7A4F7556}") = "PhoneBook.Desktop", "PhoneBook.Desktop\PhoneBook.Desktop.csproj", "{8780E87B-C6B3-4133-9D51-1913A758DF23}"
EndProject
Global
	GlobalSection(SolutionConfigurationPlatforms) = preSolution
		Debug|Any CPU = Debug|Any CPU
		Release|Any CPU = Release|Any CPU
	EndGlobalSection
	GlobalSection(ProjectConfigurationPlatforms) = postSolution
		{FBF3BD0E-A3BE-44B3-AA7E-66D60DDA5555}.Debug|Any CPU.ActiveCfg = Debug|Any CPU
		{FBF3BD0E-A3BE-44B3-AA7E-66D60DDA5555}.Debug|Any CPU.Build.0 = Debug|Any CPU
		{FBF3BD0E-A3BE-44B3-AA7E-66D60DDA5555}.Release|Any CPU.ActiveCfg = Release|Any CPU
		{FBF3BD0E-A3BE-44B3-AA7E-66D60DDA5555}.Release|Any CPU.Build.0 = Release|Any CPU
		{8BD4A842-D2EF-499B-956F-F454FCB962EC}.Debug|Any CPU.ActiveCfg = Debug|Any CPU
		{8BD4A842-D2EF-499B-956F-F454FCB962EC}.Debug|Any CPU.Build.0 = Debug|Any CPU
		{8BD4A842-D2EF-499B-956F-F454FCB962EC}.Release|Any CPU.ActiveCfg = Release|Any CPU
		{8BD4A842-D2EF-499B-956F-F454FCB962EC}.Release|Any CPU.Build.0 = Release|Any CPU
		{DC2BEE45-9FCD-4083-9649-ECB8B43EA7F0}.Debug|Any CPU.ActiveCfg = Debug|Any CPU
		{DC2BEE45-9FCD-4083-9649-ECB8B43EA7F0}.Debug|Any CPU.Build.0 = Debug|Any CPU
		{DC2BEE45-9FCD-4083-9649-ECB8B43EA7F0}.Release|Any CPU.ActiveCfg = Release|Any CPU
		{DC2BEE45-9FCD-4083-9649-ECB8B43EA7F0}.Release|Any CPU.Build.0 = Release|Any CPU
		{8780E87B-C6B3-4133-9D51-1913A758DF23}.Debug|Any CPU.ActiveCfg = Debug|Any CPU
		{8780E87B-C6B3-4133-9D51-1913A758DF23}.Debug|Any CPU.Build.0 = Debug|Any CPU
		{8780E87B-C6B3-4133-9D51-1913A758DF23}.Release|Any CPU.ActiveCfg = Release|Any CPU
		{8780E87B-C6B3-4133-9D51-1913A758DF23}.Release|Any CPU.Build.0 = Release|Any CPU
	EndGlobalSection
	GlobalSection(SolutionProperties) = preSolution
		HideSolutionNode = FALSE
	EndGlobalSection
	GlobalSection(ExtensibilityGlobals) = postSolution
		SolutionGuid = {CDE5BE38-8EDE-49EE-9740-7ADB937E3C10}
	EndGlobalSection
EndGlobal
